<?xml version="1.0" encoding="utf-8"?>
<Project ToolsVersion="4.0" xmlns="http://schemas.microsoft.com/developer/msbuild/2003">
  <ItemGroup>
    <Filter Include="源文件">
      <UniqueIdentifier>{4FC737F1-C7A5-4376-A066-2A32D752A2FF}</UniqueIdentifier>
      <Extensions>cpp;c;cc;cxx;def;odl;idl;hpj;bat;asm;asmx</Extensions>
    </Filter>
    <Filter Include="头文件">
      <UniqueIdentifier>{93995380-89BD-4b04-88EB-625FBE52EBFB}</UniqueIdentifier>
      <Extensions>h;hh;hpp;hxx;hm;inl;inc;ipp;xsd</Extensions>
    </Filter>
    <Filter Include="资源文件">
      <UniqueIdentifier>{67DA6AB6-F800-4c08-8B7A-83BB121AAD01}</UniqueIdentifier>
      <Extensions>rc;ico;cur;bmp;dlg;rc2;rct;bin;rgs;gif;jpg;jpeg;jpe;resx;tiff;tif;png;wav;mfcribbon-ms</Extensions>
    </Filter>
  </ItemGroup>
  <ItemGroup>
    <ClInclude Include="Memory.h">
      <Filter>头文件</Filter>
    </ClInclude>
    <ClInclude Include="Utility.h">
      <Filter>头文件</Filter>
    </ClInclude>
    <ClInclude Include="Include.h">
      <Filter>头文件</Filter>
    </ClInclude>
    <ClInclude Include="LinearMemoryManager.h">
      <Filter>头文件</Filter>
    </ClInclude>
    <ClInclude Include="Exception.h">
      <Filter>头文件</Filter>
    </ClInclude>
    <ClInclude Include="List.h">
      <Filter>头文件</Filter>
    </ClInclude>
    <ClInclude Include="Definition.h">
      <Filter>头文件</Filter>
    </ClInclude>
    <ClInclude Include="String.h">
      <Filter>头文件</Filter>
    </ClInclude>
    <ClInclude Include="Linq.h">
      <Filter>头文件</Filter>
    </ClInclude>
    <ClInclude Include="Class.h">
      <Filter>头文件</Filter>
    </ClInclude>
    <ClInclude Include="CharSet.h">
      <Filter>头文件</Filter>
    </ClInclude>
    <ClInclude Include="Dictionary.h">
      <Filter>头文件</Filter>
    </ClInclude>
    <ClInclude Include="Algorithm.h">
      <Filter>头文件</Filter>
    </ClInclude>
    <ClInclude Include="Nullable.h">
      <Filter>头文件</Filter>
    </ClInclude>
    <ClInclude Include="Array.h">
      <Filter>头文件</Filter>
    </ClInclude>
    <ClInclude Include="Hash.h">
      <Filter>头文件</Filter>
    </ClInclude>
    <ClInclude Include="UnifiedPtr.h">
      <Filter>头文件</Filter>
    </ClInclude>
    <ClInclude Include="Regex.h">
      <Filter>头文件</Filter>
    </ClInclude>
    <ClInclude Include="Reference.h">
      <Filter>头文件</Filter>
    </ClInclude>
    <ClInclude Include="NewRegex.h">
      <Filter>头文件</Filter>
    </ClInclude>
    <ClInclude Include="Stack.h">
      <Filter>头文件</Filter>
    </ClInclude>
    <ClInclude Include="RegexParser.h">
      <Filter>头文件</Filter>
    </ClInclude>
    <ClInclude Include="Delegate.h">
      <Filter>头文件</Filter>
    </ClInclude>
    <ClInclude Include="LinkedList.h">
      <Filter>头文件</Filter>
    </ClInclude>
    <ClInclude Include="Json.h">
      <Filter>头文件</Filter>
    </ClInclude>
    <ClInclude Include="File.h">
      <Filter>头文件</Filter>
    </ClInclude>
    <ClInclude Include="RBTree.h">
      <Filter>头文件</Filter>
    </ClInclude>
    <ClInclude Include="AVLTree.h">
      <Filter>头文件</Filter>
    </ClInclude>
    <ClInclude Include="Thread.h">
      <Filter>头文件</Filter>
    </ClInclude>
    <ClInclude Include="Diagnosis.h">
      <Filter>头文件</Filter>
    </ClInclude>
    <ClInclude Include="Task.h">
      <Filter>头文件</Filter>
    </ClInclude>
    <ClInclude Include="ConditionVariable.h">
      <Filter>头文件</Filter>
    </ClInclude>
    <ClInclude Include="Lock.h">
      <Filter>头文件</Filter>
    </ClInclude>
    <ClInclude Include="ThreadingDefine.h">
      <Filter>头文件</Filter>
    </ClInclude>
    <ClInclude Include="Tuple.h">
      <Filter>头文件</Filter>
    </ClInclude>
    <ClInclude Include="TextWriter.h">
      <Filter>头文件</Filter>
    </ClInclude>
    <ClInclude Include="GarbageCollector.h">
      <Filter>头文件</Filter>
    </ClInclude>
    <ClInclude Include="SPSCQueue.h">
      <Filter>头文件</Filter>
    </ClInclude>
    <ClInclude Include="GCMemory.h">
      <Filter>头文件</Filter>
    </ClInclude>
    <ClInclude Include="ConcurrentStack.h">
      <Filter>头文件</Filter>
    </ClInclude>
    <ClInclude Include="BloomFilter.h">
      <Filter>头文件</Filter>
    </ClInclude>
    <ClInclude Include="Dynamic.h">
      <Filter>头文件</Filter>
    </ClInclude>
    <ClInclude Include="JsonForStandard.h">
      <Filter>头文件</Filter>
    </ClInclude>
    <ClInclude Include="Variant.h">
      <Filter>头文件</Filter>
    </ClInclude>
    <ClInclude Include="RegexRuntime.h">
      <Filter>头文件</Filter>
    </ClInclude>
  </ItemGroup>
  <ItemGroup>
    <ClCompile Include="Main.cpp">
      <Filter>源文件</Filter>
    </ClCompile>
  </ItemGroup>
</Project>